
Microsoft Visual Studio Solution File, Format Version 12.00
# Visual Studio Version 16
VisualStudioVersion = 16.0.32228.343
MinimumVisualStudioVersion = 10.0.40219.1
Project("{FAE04EC0-301F-11D3-BF4B-00C04F79EFBC}") = "TelekomNevaSvyaz", "TelekomNevaSvyaz\TelekomNevaSvyaz.csproj", "{2276B348-0E20-4BFC-AB08-04D196A477A7}"
EndProject
Project("{FAE04EC0-301F-11D3-BF4B-00C04F79EFBC}") = "PowerCalc", "PowerCalc\PowerCalc.csproj", "{7539E712-73A7-462B-9D5D-F8EB336D76DA}"
EndProject
Global
	GlobalSection(SolutionConfigurationPlatforms) = preSolution
		Debug|Any CPU = Debug|Any CPU
		Release|Any CPU = Release|Any CPU
	EndGlobalSection
	GlobalSection(ProjectConfigurationPlatforms) = postSolution
		{2276B348-0E20-4BFC-AB08-04D196A477A7}.Debug|Any CPU.ActiveCfg = Debug|Any CPU
		{2276B348-0E20-4BFC-AB08-04D196A477A7}.Debug|Any CPU.Build.0 = Debug|Any CPU
		{2276B348-0E20-4BFC-AB08-04D196A477A7}.Release|Any CPU.ActiveCfg = Release|Any CPU
		{2276B348-0E20-4BFC-AB08-04D196A477A7}.Release|Any CPU.Build.0 = Release|Any CPU
		{7539E712-73A7-462B-9D5D-F8EB336D76DA}.Debug|Any CPU.ActiveCfg = Debug|Any CPU
		{7539E712-73A7-462B-9D5D-F8EB336D76DA}.Debug|Any CPU.Build.0 = Debug|Any CPU
		{7539E712-73A7-462B-9D5D-F8EB336D76DA}.Release|Any CPU.ActiveCfg = Release|Any CPU
		{7539E712-73A7-462B-9D5D-F8EB336D76DA}.Release|Any CPU.Build.0 = Release|Any CPU
	EndGlobalSection
	GlobalSection(SolutionProperties) = preSolution
		HideSolutionNode = FALSE
	EndGlobalSection
	GlobalSection(ExtensibilityGlobals) = postSolution
		SolutionGuid = {042D9A27-8CAC-4C22-95FF-83BA76AAD1CB}
	EndGlobalSection
EndGlobal
